
Microsoft Visual Studio Solution File, Format Version 12.00
Project("{FAE04EC0-301F-11D3-BF4B-00C04F79EFBC}") = "WordFinderApi", "WordFinderApi\WordFinderApi.csproj", "{A887C842-4993-4267-A44C-9AE9F4550708}"
EndProject
Project("{FAE04EC0-301F-11D3-BF4B-00C04F79EFBC}") = "WordFinder.Service", "WordFinder.Service\WordFinder.Service.csproj", "{3607C045-4DAC-42A6-AD23-30D3B1B6FBC7}"
EndProject
Project("{FAE04EC0-301F-11D3-BF4B-00C04F79EFBC}") = "WordFinders.Service.Tests", "WordFinders.Service.Tests\WordFinders.Service.Tests.csproj", "{E42F70D6-123A-4C65-B874-66E36E5689E3}"
EndProject
Global
	GlobalSection(SolutionConfigurationPlatforms) = preSolution
		Debug|Any CPU = Debug|Any CPU
		Release|Any CPU = Release|Any CPU
	EndGlobalSection
	GlobalSection(ProjectConfigurationPlatforms) = postSolution
		{A887C842-4993-4267-A44C-9AE9F4550708}.Debug|Any CPU.ActiveCfg = Debug|Any CPU
		{A887C842-4993-4267-A44C-9AE9F4550708}.Debug|Any CPU.Build.0 = Debug|Any CPU
		{A887C842-4993-4267-A44C-9AE9F4550708}.Release|Any CPU.ActiveCfg = Release|Any CPU
		{A887C842-4993-4267-A44C-9AE9F4550708}.Release|Any CPU.Build.0 = Release|Any CPU
		{3607C045-4DAC-42A6-AD23-30D3B1B6FBC7}.Debug|Any CPU.ActiveCfg = Debug|Any CPU
		{3607C045-4DAC-42A6-AD23-30D3B1B6FBC7}.Debug|Any CPU.Build.0 = Debug|Any CPU
		{3607C045-4DAC-42A6-AD23-30D3B1B6FBC7}.Release|Any CPU.ActiveCfg = Release|Any CPU
		{3607C045-4DAC-42A6-AD23-30D3B1B6FBC7}.Release|Any CPU.Build.0 = Release|Any CPU
		{E42F70D6-123A-4C65-B874-66E36E5689E3}.Debug|Any CPU.ActiveCfg = Debug|Any CPU
		{E42F70D6-123A-4C65-B874-66E36E5689E3}.Debug|Any CPU.Build.0 = Debug|Any CPU
		{E42F70D6-123A-4C65-B874-66E36E5689E3}.Release|Any CPU.ActiveCfg = Release|Any CPU
		{E42F70D6-123A-4C65-B874-66E36E5689E3}.Release|Any CPU.Build.0 = Release|Any CPU
	EndGlobalSection
EndGlobal
